{
  "name": "web-screenshot",
  "version": "1.0.0",
  "lockfileVersion": 1,
  "requires": true,
  "dependencies": {
    "bindings": {
      "version": "1.3.1",
      "resolved": "https://registry.npmjs.org/bindings/-/bindings-1.3.1.tgz",
      "integrity": "sha512-i47mqjF9UbjxJhxGf+pZ6kSxrnI3wBLlnGI2ArWJ4r0VrvDS7ZYXkprq/pLaBWYq4GM0r4zdHY+NNRqEMU7uew==",
      "optional": true
    },
    "dnode": {
      "version": "1.2.2",
      "resolved": "https://registry.npmjs.org/dnode/-/dnode-1.2.2.tgz",
      "integrity": "sha1-SsPP4m4pKzs5uCWK59lO3FgTLvo=",
      "requires": {
        "dnode-protocol": "~0.2.2",
        "jsonify": "~0.0.0",
        "weak": "^1.0.0"
      }
    },
    "dnode-protocol": {
      "version": "0.2.2",
      "resolved": "https://registry.npmjs.org/dnode-protocol/-/dnode-protocol-0.2.2.tgz",
      "integrity": "sha1-URUdFvw7X4SBXuC5SXoQYdDRlJ0=",
      "requires": {
        "jsonify": "~0.0.0",
        "traverse": "~0.6.3"
      }
    },
    "faye-websocket": {
      "version": "0.4.4",
      "resolved": "https://registry.npmjs.org/faye-websocket/-/faye-websocket-0.4.4.tgz",
      "integrity": "sha1-wUxbO/FNdBf/v9mQwKdJXNnzN7w="
    },
    "imagemagick": {
      "version": "0.1.3",
      "resolved": "https://registry.npmjs.org/imagemagick/-/imagemagick-0.1.3.tgz",
      "integrity": "sha1-dIPOoJO02fLi85aFetyIIbU3xWo="
    },
    "jsonify": {
      "version": "0.0.0",
      "resolved": "https://registry.npmjs.org/jsonify/-/jsonify-0.0.0.tgz",
      "integrity": "sha1-LHS27kHZPKUbe1qu6PUDYx0lKnM="
    },
    "nan": {
      "version": "2.12.1",
      "resolved": "https://registry.npmjs.org/nan/-/nan-2.12.1.tgz",
      "integrity": "sha512-JY7V6lRkStKcKTvHO5NVSQRv+RV+FIL5pvDoLiAtSL9pKlC5x9PKQcZDsq7m4FO4d57mkhC6Z+QhAh3Jdk5JFw==",
      "optional": true
    },
    "node-uuid": {
      "version": "1.3.3",
      "resolved": "https://registry.npmjs.org/node-uuid/-/node-uuid-1.3.3.tgz",
      "integrity": "sha1-09tNe1aBDZ5AMjQnZigq8HORcps="
    },
    "phantom": {
      "version": "0.8.4",
      "resolved": "https://registry.npmjs.org/phantom/-/phantom-0.8.4.tgz",
      "integrity": "sha1-zNtT2IqSN/01UZEnfFjZdwWqr/0=",
      "requires": {
        "dnode": ">=1.2.2",
        "shoe": "~0.0.15",
        "traverse": "~0.6.3",
        "win-spawn": "~2.0.0"
      }
    },
    "shoe": {
      "version": "0.0.15",
      "resolved": "https://registry.npmjs.org/shoe/-/shoe-0.0.15.tgz",
      "integrity": "sha1-uu2PGn8I9TC2bwkUKH/KplsSRDo=",
      "requires": {
        "sockjs": "0.3.7",
        "sockjs-client": "*"
      },
      "dependencies": {
        "sockjs-client": {
          "version": "0.0.0-unreleasable",
          "bundled": true
        }
      }
    },
    "sockjs": {
      "version": "0.3.7",
      "resolved": "https://registry.npmjs.org/sockjs/-/sockjs-0.3.7.tgz",
      "integrity": "sha1-KVDgWG2KnTBElYqDGt5o2xl3Scs=",
      "requires": {
        "faye-websocket": "0.4.4",
        "node-uuid": "1.3.3"
      }
    },
    "traverse": {
      "version": "0.6.6",
      "resolved": "https://registry.npmjs.org/traverse/-/traverse-0.6.6.tgz",
      "integrity": "sha1-y99WD9e5r2MlAv7UD5GMFX6pcTc="
    },
    "weak": {
      "version": "1.0.1",
      "resolved": "https://registry.npmjs.org/weak/-/weak-1.0.1.tgz",
      "integrity": "sha1-q5mqswcGlZqgIAy4z1RbucszuZ4=",
      "optional": true,
      "requires": {
        "bindings": "^1.2.1",
        "nan": "^2.0.5"
      }
    },
    "win-spawn": {
      "version": "2.0.0",
      "resolved": "https://registry.npmjs.org/win-spawn/-/win-spawn-2.0.0.tgz",
      "integrity": "sha1-OXopEw7JjQqgvIa6pGITk+/9Cwc="
    }
  }
}
